
Microsoft Visual Studio Solution File, Format Version 12.00
# Visual Studio Version 17
VisualStudioVersion = 17.7.34018.315
MinimumVisualStudioVersion = 10.0.40219.1
Project("{FAE04EC0-301F-11D3-BF4B-00C04F79EFBC}") = "U3W1D3_ContoCorrente", "U3W1D3_ContoCorrente\U3W1D3_ContoCorrente.csproj", "{17838CCB-5D93-4C2C-853C-9F67E2EBE380}"
EndProject
Global
	GlobalSection(SolutionConfigurationPlatforms) = preSolution
		Debug|Any CPU = Debug|Any CPU
		Release|Any CPU = Release|Any CPU
	EndGlobalSection
	GlobalSection(ProjectConfigurationPlatforms) = postSolution
		{17838CCB-5D93-4C2C-853C-9F67E2EBE380}.Debug|Any CPU.ActiveCfg = Debug|Any CPU
		{17838CCB-5D93-4C2C-853C-9F67E2EBE380}.Debug|Any CPU.Build.0 = Debug|Any CPU
		{17838CCB-5D93-4C2C-853C-9F67E2EBE380}.Release|Any CPU.ActiveCfg = Release|Any CPU
		{17838CCB-5D93-4C2C-853C-9F67E2EBE380}.Release|Any CPU.Build.0 = Release|Any CPU
	EndGlobalSection
	GlobalSection(SolutionProperties) = preSolution
		HideSolutionNode = FALSE
	EndGlobalSection
	GlobalSection(ExtensibilityGlobals) = postSolution
		SolutionGuid = {397698A6-A65F-4E81-B84B-2ED373D3DABD}
	EndGlobalSection
EndGlobal
